{
  "version": "5",
  "remote": {
    "https://esm.sh/@supabase/supabase-js@2.49.1": "947c71e163ca8bb5b538eccb5ee86fbc8da6bcb916a861586db5fad1af4701bb"
  },
  "workspace": {
    "packageJson": {
      "dependencies": [
        "npm:@legendapp/state@^3.0.0-beta.48",
        "npm:@supabase/supabase-js@^2.112.0",
        "npm:@types/react@~19.2.2",
        "npm:expo-constants@~57.0.9",
        "npm:expo-crypto@~57.0.1",
        "npm:expo-font@~57.0.1",
        "npm:expo-linking@~57.0.5",
        "npm:expo-router@~57.0.10",
        "npm:expo-secure-store@~57.0.1",
        "npm:expo-splash-screen@~57.0.5",
        "npm:expo-sqlite@~57.0.1",
        "npm:expo-status-bar@~57.0.1",
        "npm:expo-symbols@~57.0.1",
        "npm:expo-web-browser@~57.0.2",
        "npm:expo@~57.0.10",
        "npm:react-dom@19.2.3",
        "npm:react-native-reanimated@4.5.1",
        "npm:react-native-safe-area-context@5.7",
        "npm:react-native-screens@4.26",
        "npm:react-native-web@0.21",
        "npm:react-native-worklets@0.10.1",
        "npm:react-native@0.86.2",
        "npm:react@19.2.3",
        "npm:typescript@~6.0.3",
        "npm:vitest@^4.1.10"
      ]
    }
  }
}
